<?xml version="1.0" encoding="utf-8"?>
<Project ToolsVersion="4.0" xmlns="http://schemas.microsoft.com/developer/msbuild/2003">
  <ItemGroup>
    <Filter Include="소스 파일">
      <UniqueIdentifier>{4FC737F1-C7A5-4376-A066-2A32D752A2FF}</UniqueIdentifier>
      <Extensions>cpp;c;cc;cxx;def;odl;idl;hpj;bat;asm;asmx</Extensions>
    </Filter>
    <Filter Include="헤더 파일">
      <UniqueIdentifier>{93995380-89BD-4b04-88EB-625FBE52EBFB}</UniqueIdentifier>
      <Extensions>h;hh;hpp;hxx;hm;inl;inc;xsd</Extensions>
    </Filter>
    <Filter Include="리소스 파일">
      <UniqueIdentifier>{67DA6AB6-F800-4c08-8B7A-83BB121AAD01}</UniqueIdentifier>
      <Extensions>rc;ico;cur;bmp;dlg;rc2;rct;bin;rgs;gif;jpg;jpeg;jpe;resx;tiff;tif;png;wav;mfcribbon-ms</Extensions>
    </Filter>
  </ItemGroup>
  <ItemGroup>
    <Text Include="ReadMe.txt" />
  </ItemGroup>
  <ItemGroup>
    <ClInclude Include="stdafx.h">
      <Filter>헤더 파일</Filter>
    </ClInclude>
    <ClInclude Include="targetver.h">
      <Filter>헤더 파일</Filter>
    </ClInclude>
    <ClInclude Include="apiai\common\Deprecated.h">
      <Filter>헤더 파일</Filter>
    </ClInclude>
    <ClInclude Include="apiai\exceptions\Exception.h">
      <Filter>헤더 파일</Filter>
    </ClInclude>
    <ClInclude Include="apiai\exceptions\InvalidArgumentException.h">
      <Filter>헤더 파일</Filter>
    </ClInclude>
    <ClInclude Include="apiai\exceptions\JSONException.h">
      <Filter>헤더 파일</Filter>
    </ClInclude>
    <ClInclude Include="apiai\exceptions\ResponseErrorException.h">
      <Filter>헤더 파일</Filter>
    </ClInclude>
    <ClInclude Include="apiai\http\Request.h">
      <Filter>헤더 파일</Filter>
    </ClInclude>
    <ClInclude Include="apiai\http\RequestConnection.h">
      <Filter>헤더 파일</Filter>
    </ClInclude>
    <ClInclude Include="apiai\http\RequestConnectionImpl.h">
      <Filter>헤더 파일</Filter>
    </ClInclude>
    <ClInclude Include="apiai\http\RequestSerialize.h">
      <Filter>헤더 파일</Filter>
    </ClInclude>
    <ClInclude Include="apiai\io\Stream.h">
      <Filter>헤더 파일</Filter>
    </ClInclude>
    <ClInclude Include="apiai\io\StreamReader.h">
      <Filter>헤더 파일</Filter>
    </ClInclude>
    <ClInclude Include="apiai\io\StreamWriter.h">
      <Filter>헤더 파일</Filter>
    </ClInclude>
    <ClInclude Include="apiai\query\request\Entity.h">
      <Filter>헤더 파일</Filter>
    </ClInclude>
    <ClInclude Include="apiai\query\request\Parameters.h">
      <Filter>헤더 파일</Filter>
    </ClInclude>
    <ClInclude Include="apiai\query\request\QueryText.h">
      <Filter>헤더 파일</Filter>
    </ClInclude>
    <ClInclude Include="apiai\query\request\QueryTextSerialize.h">
      <Filter>헤더 파일</Filter>
    </ClInclude>
    <ClInclude Include="apiai\query\request\QueryTextVisitor.h">
      <Filter>헤더 파일</Filter>
    </ClInclude>
    <ClInclude Include="apiai\query\request\RequestContext.h">
      <Filter>헤더 파일</Filter>
    </ClInclude>
    <ClInclude Include="apiai\query\response\Context.h">
      <Filter>헤더 파일</Filter>
    </ClInclude>
    <ClInclude Include="apiai\query\response\Element.h">
      <Filter>헤더 파일</Filter>
    </ClInclude>
    <ClInclude Include="apiai\query\response\Fulfillment.h">
      <Filter>헤더 파일</Filter>
    </ClInclude>
    <ClInclude Include="apiai\query\response\Metadata.h">
      <Filter>헤더 파일</Filter>
    </ClInclude>
    <ClInclude Include="apiai\query\response\Response.h">
      <Filter>헤더 파일</Filter>
    </ClInclude>
    <ClInclude Include="apiai\query\response\Result.h">
      <Filter>헤더 파일</Filter>
    </ClInclude>
    <ClInclude Include="apiai\query\cJSONUtils.h">
      <Filter>헤더 파일</Filter>
    </ClInclude>
    <ClInclude Include="apiai\query\ContextParametersSerializer.h">
      <Filter>헤더 파일</Filter>
    </ClInclude>
    <ClInclude Include="apiai\query\QueryRequest.h">
      <Filter>헤더 파일</Filter>
    </ClInclude>
    <ClInclude Include="apiai\query\TextQueryRequest.h">
      <Filter>헤더 파일</Filter>
    </ClInclude>
    <ClInclude Include="apiai\query\VoiceRequest.h">
      <Filter>헤더 파일</Filter>
    </ClInclude>
    <ClInclude Include="apiai\vad\VADContext.h">
      <Filter>헤더 파일</Filter>
    </ClInclude>
    <ClInclude Include="apiai\vad\VADState.h">
      <Filter>헤더 파일</Filter>
    </ClInclude>
    <ClInclude Include="apiai\vad\VoiceActivityDetector.h">
      <Filter>헤더 파일</Filter>
    </ClInclude>
    <ClInclude Include="apiai\AI.h">
      <Filter>헤더 파일</Filter>
    </ClInclude>
    <ClInclude Include="apiai\Credentials.h">
      <Filter>헤더 파일</Filter>
    </ClInclude>
    <ClInclude Include="apiai\Service.h">
      <Filter>헤더 파일</Filter>
    </ClInclude>
    <ClInclude Include="apiai\Types.h">
      <Filter>헤더 파일</Filter>
    </ClInclude>
    <ClInclude Include="cJSON\cJSON.h">
      <Filter>헤더 파일</Filter>
    </ClInclude>
    <ClInclude Include="indent_stream\indent_stream.h">
      <Filter>헤더 파일</Filter>
    </ClInclude>
  </ItemGroup>
  <ItemGroup>
    <ClCompile Include="stdafx.cpp">
      <Filter>소스 파일</Filter>
    </ClCompile>
    <ClCompile Include="APIAI2013DLL.cpp">
      <Filter>소스 파일</Filter>
    </ClCompile>
    <ClCompile Include="dllmain.cpp">
      <Filter>소스 파일</Filter>
    </ClCompile>
    <ClCompile Include="apiai\exceptions\Exception.cpp">
      <Filter>소스 파일</Filter>
    </ClCompile>
    <ClCompile Include="apiai\exceptions\InvalidArgumentException.cpp">
      <Filter>소스 파일</Filter>
    </ClCompile>
    <ClCompile Include="apiai\exceptions\JSONException.cpp">
      <Filter>소스 파일</Filter>
    </ClCompile>
    <ClCompile Include="apiai\exceptions\ResponseErrorException.cpp">
      <Filter>소스 파일</Filter>
    </ClCompile>
    <ClCompile Include="apiai\http\RequestConnection.cpp">
      <Filter>소스 파일</Filter>
    </ClCompile>
    <ClCompile Include="apiai\http\RequestConnectionImpl.cpp">
      <Filter>소스 파일</Filter>
    </ClCompile>
    <ClCompile Include="apiai\io\Stream.cpp">
      <Filter>소스 파일</Filter>
    </ClCompile>
    <ClCompile Include="apiai\io\StreamReader.cpp">
      <Filter>소스 파일</Filter>
    </ClCompile>
    <ClCompile Include="apiai\io\StreamWriter.cpp">
      <Filter>소스 파일</Filter>
    </ClCompile>
    <ClCompile Include="apiai\query\request\Entity.cpp">
      <Filter>소스 파일</Filter>
    </ClCompile>
    <ClCompile Include="apiai\query\request\Parameters.cpp">
      <Filter>소스 파일</Filter>
    </ClCompile>
    <ClCompile Include="apiai\query\request\QueryText.cpp">
      <Filter>소스 파일</Filter>
    </ClCompile>
    <ClCompile Include="apiai\query\request\QueryTextSerialize.cpp">
      <Filter>소스 파일</Filter>
    </ClCompile>
    <ClCompile Include="apiai\query\request\RequestContext.cpp">
      <Filter>소스 파일</Filter>
    </ClCompile>
    <ClCompile Include="apiai\query\response\Context.cpp">
      <Filter>소스 파일</Filter>
    </ClCompile>
    <ClCompile Include="apiai\query\response\Element.cpp">
      <Filter>소스 파일</Filter>
    </ClCompile>
    <ClCompile Include="apiai\query\response\Fulfillment.cpp">
      <Filter>소스 파일</Filter>
    </ClCompile>
    <ClCompile Include="apiai\query\response\Metadata.cpp">
      <Filter>소스 파일</Filter>
    </ClCompile>
    <ClCompile Include="apiai\query\response\Response.cpp">
      <Filter>소스 파일</Filter>
    </ClCompile>
    <ClCompile Include="apiai\query\response\Result.cpp">
      <Filter>소스 파일</Filter>
    </ClCompile>
    <ClCompile Include="apiai\query\cJSONUtils.cpp">
      <Filter>소스 파일</Filter>
    </ClCompile>
    <ClCompile Include="apiai\query\ContextParametersSerializer.cpp">
      <Filter>소스 파일</Filter>
    </ClCompile>
    <ClCompile Include="apiai\query\QueryRequest.cpp">
      <Filter>소스 파일</Filter>
    </ClCompile>
    <ClCompile Include="apiai\query\TextQueryRequest.cpp">
      <Filter>소스 파일</Filter>
    </ClCompile>
    <ClCompile Include="apiai\query\VoiceRequest.cpp">
      <Filter>소스 파일</Filter>
    </ClCompile>
    <ClCompile Include="apiai\vad\VADContext.c">
      <Filter>소스 파일</Filter>
    </ClCompile>
    <ClCompile Include="apiai\vad\VoiceActivityDetector.cpp">
      <Filter>소스 파일</Filter>
    </ClCompile>
    <ClCompile Include="apiai\AI.cpp">
      <Filter>소스 파일</Filter>
    </ClCompile>
    <ClCompile Include="apiai\Credentials.cpp">
      <Filter>소스 파일</Filter>
    </ClCompile>
    <ClCompile Include="apiai\Service.cpp">
      <Filter>소스 파일</Filter>
    </ClCompile>
    <ClCompile Include="apiai\Types.cpp">
      <Filter>소스 파일</Filter>
    </ClCompile>
    <ClCompile Include="cJSON\cJSON.c">
      <Filter>소스 파일</Filter>
    </ClCompile>
    <ClCompile Include="indent_stream\indent_stream.cpp">
      <Filter>소스 파일</Filter>
    </ClCompile>
  </ItemGroup>
</Project>